
Microsoft Visual Studio Solution File, Format Version 9.00
# Visual Studio 2005
Project("{FAE04EC0-301F-11D3-BF4B-00C04F79EFBC}") = "XCBIR", "XCBIR\XCBIR.csproj", "{417B35E1-8077-4D89-8788-320D860BE3ED}"
EndProject
Global
	GlobalSection(SolutionConfigurationPlatforms) = preSolution
		Debug|Any CPU = Debug|Any CPU
		Release|Any CPU = Release|Any CPU
	EndGlobalSection
	GlobalSection(ProjectConfigurationPlatforms) = postSolution
		{417B35E1-8077-4D89-8788-320D860BE3ED}.Debug|Any CPU.ActiveCfg = Debug|Any CPU
		{417B35E1-8077-4D89-8788-320D860BE3ED}.Debug|Any CPU.Build.0 = Debug|Any CPU
		{417B35E1-8077-4D89-8788-320D860BE3ED}.Release|Any CPU.ActiveCfg = Release|Any CPU
		{417B35E1-8077-4D89-8788-320D860BE3ED}.Release|Any CPU.Build.0 = Release|Any CPU
	EndGlobalSection
	GlobalSection(SolutionProperties) = preSolution
		HideSolutionNode = FALSE
	EndGlobalSection
EndGlobal
